
Microsoft Visual Studio Solution File, Format Version 12.00
# Visual Studio 2012
Project("{FAE04EC0-301F-11D3-BF4B-00C04F79EFBC}") = "NetAtmo", "NetAtmo\NetAtmo.csproj", "{B0F399AF-3945-436F-8F26-81B590D0912B}"
EndProject
Project("{FAE04EC0-301F-11D3-BF4B-00C04F79EFBC}") = "View.Mac", "View.Mac\View.Mac.csproj", "{A459BC93-106D-43AF-97D6-B6AC190AC3CE}"
EndProject
Project("{FAE04EC0-301F-11D3-BF4B-00C04F79EFBC}") = "View.Command", "View.Command\View.Command.csproj", "{76B5B5E6-C165-4896-A809-AE341A1366B1}"
EndProject
Project("{FAE04EC0-301F-11D3-BF4B-00C04F79EFBC}") = "View.iOS", "View.iOS\View.iOS.csproj", "{B5ADF73D-3157-4C04-AD09-E02F0F08F18C}"
EndProject
Project("{FAE04EC0-301F-11D3-BF4B-00C04F79EFBC}") = "View", "View\View.csproj", "{BFD29D66-3B81-4BF5-8D80-F43259EC2AA1}"
EndProject
Project("{FAE04EC0-301F-11D3-BF4B-00C04F79EFBC}") = "RestSharp.Portable", "RestSharp.Portable\RestSharp.Portable.csproj", "{BFB31BCF-2BF2-4197-B4F6-0AB31919A7B5}"
EndProject
Project("{FAE04EC0-301F-11D3-BF4B-00C04F79EFBC}") = "View.Gtk", "View.Gtk\View.Gtk.csproj", "{0D68AB12-B05B-4AF7-9B23-0B086C6A008C}"
EndProject
Global
	GlobalSection(SolutionConfigurationPlatforms) = preSolution
		Debug|Any CPU = Debug|Any CPU
		Release|Any CPU = Release|Any CPU
		Debug|iPhoneSimulator = Debug|iPhoneSimulator
		Release|iPhoneSimulator = Release|iPhoneSimulator
		Debug|iPhone = Debug|iPhone
		Release|iPhone = Release|iPhone
		Ad-Hoc|iPhone = Ad-Hoc|iPhone
		AppStore|iPhone = AppStore|iPhone
	EndGlobalSection
	GlobalSection(ProjectConfigurationPlatforms) = postSolution
		{0D68AB12-B05B-4AF7-9B23-0B086C6A008C}.Ad-Hoc|iPhone.ActiveCfg = Release|Any CPU
		{0D68AB12-B05B-4AF7-9B23-0B086C6A008C}.Ad-Hoc|iPhone.Build.0 = Release|Any CPU
		{0D68AB12-B05B-4AF7-9B23-0B086C6A008C}.AppStore|iPhone.ActiveCfg = Release|Any CPU
		{0D68AB12-B05B-4AF7-9B23-0B086C6A008C}.AppStore|iPhone.Build.0 = Release|Any CPU
		{0D68AB12-B05B-4AF7-9B23-0B086C6A008C}.Debug|Any CPU.ActiveCfg = Debug|Any CPU
		{0D68AB12-B05B-4AF7-9B23-0B086C6A008C}.Debug|Any CPU.Build.0 = Debug|Any CPU
		{0D68AB12-B05B-4AF7-9B23-0B086C6A008C}.Debug|iPhone.ActiveCfg = Debug|Any CPU
		{0D68AB12-B05B-4AF7-9B23-0B086C6A008C}.Debug|iPhone.Build.0 = Debug|Any CPU
		{0D68AB12-B05B-4AF7-9B23-0B086C6A008C}.Debug|iPhoneSimulator.ActiveCfg = Debug|Any CPU
		{0D68AB12-B05B-4AF7-9B23-0B086C6A008C}.Debug|iPhoneSimulator.Build.0 = Debug|Any CPU
		{0D68AB12-B05B-4AF7-9B23-0B086C6A008C}.Release|Any CPU.ActiveCfg = Release|Any CPU
		{0D68AB12-B05B-4AF7-9B23-0B086C6A008C}.Release|Any CPU.Build.0 = Release|Any CPU
		{0D68AB12-B05B-4AF7-9B23-0B086C6A008C}.Release|iPhone.ActiveCfg = Release|Any CPU
		{0D68AB12-B05B-4AF7-9B23-0B086C6A008C}.Release|iPhone.Build.0 = Release|Any CPU
		{0D68AB12-B05B-4AF7-9B23-0B086C6A008C}.Release|iPhoneSimulator.ActiveCfg = Release|Any CPU
		{0D68AB12-B05B-4AF7-9B23-0B086C6A008C}.Release|iPhoneSimulator.Build.0 = Release|Any CPU
		{76B5B5E6-C165-4896-A809-AE341A1366B1}.Ad-Hoc|iPhone.ActiveCfg = Debug|Any CPU
		{76B5B5E6-C165-4896-A809-AE341A1366B1}.Ad-Hoc|iPhone.Build.0 = Debug|Any CPU
		{76B5B5E6-C165-4896-A809-AE341A1366B1}.AppStore|iPhone.ActiveCfg = Debug|Any CPU
		{76B5B5E6-C165-4896-A809-AE341A1366B1}.AppStore|iPhone.Build.0 = Debug|Any CPU
		{76B5B5E6-C165-4896-A809-AE341A1366B1}.Debug|Any CPU.ActiveCfg = Debug|Any CPU
		{76B5B5E6-C165-4896-A809-AE341A1366B1}.Debug|Any CPU.Build.0 = Debug|Any CPU
		{76B5B5E6-C165-4896-A809-AE341A1366B1}.Debug|iPhone.ActiveCfg = Debug|Any CPU
		{76B5B5E6-C165-4896-A809-AE341A1366B1}.Debug|iPhone.Build.0 = Debug|Any CPU
		{76B5B5E6-C165-4896-A809-AE341A1366B1}.Debug|iPhoneSimulator.ActiveCfg = Debug|Any CPU
		{76B5B5E6-C165-4896-A809-AE341A1366B1}.Debug|iPhoneSimulator.Build.0 = Debug|Any CPU
		{76B5B5E6-C165-4896-A809-AE341A1366B1}.Release|Any CPU.ActiveCfg = Release|Any CPU
		{76B5B5E6-C165-4896-A809-AE341A1366B1}.Release|Any CPU.Build.0 = Release|Any CPU
		{76B5B5E6-C165-4896-A809-AE341A1366B1}.Release|iPhone.ActiveCfg = Release|Any CPU
		{76B5B5E6-C165-4896-A809-AE341A1366B1}.Release|iPhone.Build.0 = Release|Any CPU
		{76B5B5E6-C165-4896-A809-AE341A1366B1}.Release|iPhoneSimulator.ActiveCfg = Release|Any CPU
		{76B5B5E6-C165-4896-A809-AE341A1366B1}.Release|iPhoneSimulator.Build.0 = Release|Any CPU
		{A459BC93-106D-43AF-97D6-B6AC190AC3CE}.Ad-Hoc|iPhone.ActiveCfg = Debug|Any CPU
		{A459BC93-106D-43AF-97D6-B6AC190AC3CE}.Ad-Hoc|iPhone.Build.0 = Debug|Any CPU
		{A459BC93-106D-43AF-97D6-B6AC190AC3CE}.AppStore|iPhone.ActiveCfg = AppStore|Any CPU
		{A459BC93-106D-43AF-97D6-B6AC190AC3CE}.AppStore|iPhone.Build.0 = AppStore|Any CPU
		{A459BC93-106D-43AF-97D6-B6AC190AC3CE}.Debug|Any CPU.ActiveCfg = Debug|Any CPU
		{A459BC93-106D-43AF-97D6-B6AC190AC3CE}.Debug|Any CPU.Build.0 = Debug|Any CPU
		{A459BC93-106D-43AF-97D6-B6AC190AC3CE}.Debug|iPhone.ActiveCfg = Debug|Any CPU
		{A459BC93-106D-43AF-97D6-B6AC190AC3CE}.Debug|iPhone.Build.0 = Debug|Any CPU
		{A459BC93-106D-43AF-97D6-B6AC190AC3CE}.Debug|iPhoneSimulator.ActiveCfg = Debug|Any CPU
		{A459BC93-106D-43AF-97D6-B6AC190AC3CE}.Debug|iPhoneSimulator.Build.0 = Debug|Any CPU
		{A459BC93-106D-43AF-97D6-B6AC190AC3CE}.Release|Any CPU.ActiveCfg = Release|Any CPU
		{A459BC93-106D-43AF-97D6-B6AC190AC3CE}.Release|Any CPU.Build.0 = Release|Any CPU
		{A459BC93-106D-43AF-97D6-B6AC190AC3CE}.Release|iPhone.ActiveCfg = Release|Any CPU
		{A459BC93-106D-43AF-97D6-B6AC190AC3CE}.Release|iPhone.Build.0 = Release|Any CPU
		{A459BC93-106D-43AF-97D6-B6AC190AC3CE}.Release|iPhoneSimulator.ActiveCfg = Release|Any CPU
		{A459BC93-106D-43AF-97D6-B6AC190AC3CE}.Release|iPhoneSimulator.Build.0 = Release|Any CPU
		{B0F399AF-3945-436F-8F26-81B590D0912B}.Ad-Hoc|iPhone.ActiveCfg = Debug|Any CPU
		{B0F399AF-3945-436F-8F26-81B590D0912B}.Ad-Hoc|iPhone.Build.0 = Debug|Any CPU
		{B0F399AF-3945-436F-8F26-81B590D0912B}.AppStore|iPhone.ActiveCfg = Debug|Any CPU
		{B0F399AF-3945-436F-8F26-81B590D0912B}.AppStore|iPhone.Build.0 = Debug|Any CPU
		{B0F399AF-3945-436F-8F26-81B590D0912B}.Debug|Any CPU.ActiveCfg = Debug|Any CPU
		{B0F399AF-3945-436F-8F26-81B590D0912B}.Debug|Any CPU.Build.0 = Debug|Any CPU
		{B0F399AF-3945-436F-8F26-81B590D0912B}.Debug|iPhone.ActiveCfg = Debug|Any CPU
		{B0F399AF-3945-436F-8F26-81B590D0912B}.Debug|iPhone.Build.0 = Debug|Any CPU
		{B0F399AF-3945-436F-8F26-81B590D0912B}.Debug|iPhoneSimulator.ActiveCfg = Debug|Any CPU
		{B0F399AF-3945-436F-8F26-81B590D0912B}.Debug|iPhoneSimulator.Build.0 = Debug|Any CPU
		{B0F399AF-3945-436F-8F26-81B590D0912B}.Release|Any CPU.ActiveCfg = Release|Any CPU
		{B0F399AF-3945-436F-8F26-81B590D0912B}.Release|Any CPU.Build.0 = Release|Any CPU
		{B0F399AF-3945-436F-8F26-81B590D0912B}.Release|iPhone.ActiveCfg = Release|Any CPU
		{B0F399AF-3945-436F-8F26-81B590D0912B}.Release|iPhone.Build.0 = Release|Any CPU
		{B0F399AF-3945-436F-8F26-81B590D0912B}.Release|iPhoneSimulator.ActiveCfg = Release|Any CPU
		{B0F399AF-3945-436F-8F26-81B590D0912B}.Release|iPhoneSimulator.Build.0 = Release|Any CPU
		{B5ADF73D-3157-4C04-AD09-E02F0F08F18C}.Ad-Hoc|iPhone.ActiveCfg = Ad-Hoc|iPhone
		{B5ADF73D-3157-4C04-AD09-E02F0F08F18C}.Ad-Hoc|iPhone.Build.0 = Ad-Hoc|iPhone
		{B5ADF73D-3157-4C04-AD09-E02F0F08F18C}.AppStore|iPhone.ActiveCfg = AppStore|iPhone
		{B5ADF73D-3157-4C04-AD09-E02F0F08F18C}.AppStore|iPhone.Build.0 = AppStore|iPhone
		{B5ADF73D-3157-4C04-AD09-E02F0F08F18C}.Debug|Any CPU.ActiveCfg = Debug|iPhoneSimulator
		{B5ADF73D-3157-4C04-AD09-E02F0F08F18C}.Debug|Any CPU.Build.0 = Debug|iPhoneSimulator
		{B5ADF73D-3157-4C04-AD09-E02F0F08F18C}.Debug|iPhone.ActiveCfg = Debug|iPhone
		{B5ADF73D-3157-4C04-AD09-E02F0F08F18C}.Debug|iPhone.Build.0 = Debug|iPhone
		{B5ADF73D-3157-4C04-AD09-E02F0F08F18C}.Debug|iPhoneSimulator.ActiveCfg = Debug|iPhoneSimulator
		{B5ADF73D-3157-4C04-AD09-E02F0F08F18C}.Debug|iPhoneSimulator.Build.0 = Debug|iPhoneSimulator
		{B5ADF73D-3157-4C04-AD09-E02F0F08F18C}.Release|Any CPU.ActiveCfg = Release|iPhoneSimulator
		{B5ADF73D-3157-4C04-AD09-E02F0F08F18C}.Release|Any CPU.Build.0 = Release|iPhoneSimulator
		{B5ADF73D-3157-4C04-AD09-E02F0F08F18C}.Release|iPhone.ActiveCfg = Release|iPhone
		{B5ADF73D-3157-4C04-AD09-E02F0F08F18C}.Release|iPhone.Build.0 = Release|iPhone
		{B5ADF73D-3157-4C04-AD09-E02F0F08F18C}.Release|iPhoneSimulator.ActiveCfg = Release|iPhoneSimulator
		{B5ADF73D-3157-4C04-AD09-E02F0F08F18C}.Release|iPhoneSimulator.Build.0 = Release|iPhoneSimulator
		{BFB31BCF-2BF2-4197-B4F6-0AB31919A7B5}.Ad-Hoc|iPhone.ActiveCfg = Release|Any CPU
		{BFB31BCF-2BF2-4197-B4F6-0AB31919A7B5}.Ad-Hoc|iPhone.Build.0 = Release|Any CPU
		{BFB31BCF-2BF2-4197-B4F6-0AB31919A7B5}.AppStore|iPhone.ActiveCfg = Release|Any CPU
		{BFB31BCF-2BF2-4197-B4F6-0AB31919A7B5}.AppStore|iPhone.Build.0 = Release|Any CPU
		{BFB31BCF-2BF2-4197-B4F6-0AB31919A7B5}.Debug|Any CPU.ActiveCfg = Debug|Any CPU
		{BFB31BCF-2BF2-4197-B4F6-0AB31919A7B5}.Debug|Any CPU.Build.0 = Debug|Any CPU
		{BFB31BCF-2BF2-4197-B4F6-0AB31919A7B5}.Debug|iPhone.ActiveCfg = Debug|Any CPU
		{BFB31BCF-2BF2-4197-B4F6-0AB31919A7B5}.Debug|iPhone.Build.0 = Debug|Any CPU
		{BFB31BCF-2BF2-4197-B4F6-0AB31919A7B5}.Debug|iPhoneSimulator.ActiveCfg = Debug|Any CPU
		{BFB31BCF-2BF2-4197-B4F6-0AB31919A7B5}.Debug|iPhoneSimulator.Build.0 = Debug|Any CPU
		{BFB31BCF-2BF2-4197-B4F6-0AB31919A7B5}.Release|Any CPU.ActiveCfg = Release|Any CPU
		{BFB31BCF-2BF2-4197-B4F6-0AB31919A7B5}.Release|Any CPU.Build.0 = Release|Any CPU
		{BFB31BCF-2BF2-4197-B4F6-0AB31919A7B5}.Release|iPhone.ActiveCfg = Release|Any CPU
		{BFB31BCF-2BF2-4197-B4F6-0AB31919A7B5}.Release|iPhone.Build.0 = Release|Any CPU
		{BFB31BCF-2BF2-4197-B4F6-0AB31919A7B5}.Release|iPhoneSimulator.ActiveCfg = Release|Any CPU
		{BFB31BCF-2BF2-4197-B4F6-0AB31919A7B5}.Release|iPhoneSimulator.Build.0 = Release|Any CPU
		{BFD29D66-3B81-4BF5-8D80-F43259EC2AA1}.Ad-Hoc|iPhone.ActiveCfg = Debug|Any CPU
		{BFD29D66-3B81-4BF5-8D80-F43259EC2AA1}.Ad-Hoc|iPhone.Build.0 = Debug|Any CPU
		{BFD29D66-3B81-4BF5-8D80-F43259EC2AA1}.AppStore|iPhone.ActiveCfg = Release|Any CPU
		{BFD29D66-3B81-4BF5-8D80-F43259EC2AA1}.AppStore|iPhone.Build.0 = Release|Any CPU
		{BFD29D66-3B81-4BF5-8D80-F43259EC2AA1}.Debug|Any CPU.ActiveCfg = Debug|Any CPU
		{BFD29D66-3B81-4BF5-8D80-F43259EC2AA1}.Debug|Any CPU.Build.0 = Debug|Any CPU
		{BFD29D66-3B81-4BF5-8D80-F43259EC2AA1}.Debug|iPhone.ActiveCfg = Debug|Any CPU
		{BFD29D66-3B81-4BF5-8D80-F43259EC2AA1}.Debug|iPhone.Build.0 = Debug|Any CPU
		{BFD29D66-3B81-4BF5-8D80-F43259EC2AA1}.Debug|iPhoneSimulator.ActiveCfg = Debug|Any CPU
		{BFD29D66-3B81-4BF5-8D80-F43259EC2AA1}.Debug|iPhoneSimulator.Build.0 = Debug|Any CPU
		{BFD29D66-3B81-4BF5-8D80-F43259EC2AA1}.Release|Any CPU.ActiveCfg = Release|Any CPU
		{BFD29D66-3B81-4BF5-8D80-F43259EC2AA1}.Release|Any CPU.Build.0 = Release|Any CPU
		{BFD29D66-3B81-4BF5-8D80-F43259EC2AA1}.Release|iPhone.ActiveCfg = Release|Any CPU
		{BFD29D66-3B81-4BF5-8D80-F43259EC2AA1}.Release|iPhone.Build.0 = Release|Any CPU
		{BFD29D66-3B81-4BF5-8D80-F43259EC2AA1}.Release|iPhoneSimulator.ActiveCfg = Release|Any CPU
		{BFD29D66-3B81-4BF5-8D80-F43259EC2AA1}.Release|iPhoneSimulator.Build.0 = Release|Any CPU
	EndGlobalSection
	GlobalSection(MonoDevelopProperties) = preSolution
		StartupItem = View.Gtk\View.Gtk.csproj
		Policies = $0
		$0.DotNetNamingPolicy = $1
		$1.DirectoryNamespaceAssociation = None
		$1.ResourceNamePolicy = FileFormatDefault
		$0.NameConventionPolicy = $2
		$2.Rules = $3
		$3.NamingRule = $4
		$4.Name = Namespaces
		$4.AffectedEntity = Namespace
		$4.VisibilityMask = VisibilityMask
		$4.NamingStyle = PascalCase
		$4.IncludeInstanceMembers = True
		$4.IncludeStaticEntities = True
		$3.NamingRule = $5
		$5.Name = Types
		$5.AffectedEntity = Class, Struct, Enum, Delegate
		$5.VisibilityMask = Public
		$5.NamingStyle = PascalCase
		$5.IncludeInstanceMembers = True
		$5.IncludeStaticEntities = True
		$3.NamingRule = $6
		$6.Name = Interfaces
		$6.RequiredPrefixes = $7
		$7.String = I
		$6.AffectedEntity = Interface
		$6.VisibilityMask = Public
		$6.NamingStyle = PascalCase
		$6.IncludeInstanceMembers = True
		$6.IncludeStaticEntities = True
		$3.NamingRule = $8
		$8.Name = Attributes
		$8.RequiredSuffixes = $9
		$9.String = Attribute
		$8.AffectedEntity = CustomAttributes
		$8.VisibilityMask = Public
		$8.NamingStyle = PascalCase
		$8.IncludeInstanceMembers = True
		$8.IncludeStaticEntities = True
		$3.NamingRule = $10
		$10.Name = Event Arguments
		$10.RequiredSuffixes = $11
		$11.String = EventArgs
		$10.AffectedEntity = CustomEventArgs
		$10.VisibilityMask = Public
		$10.NamingStyle = PascalCase
		$10.IncludeInstanceMembers = True
		$10.IncludeStaticEntities = True
		$3.NamingRule = $12
		$12.Name = Exceptions
		$12.RequiredSuffixes = $13
		$13.String = Exception
		$12.AffectedEntity = CustomExceptions
		$12.VisibilityMask = VisibilityMask
		$12.NamingStyle = PascalCase
		$12.IncludeInstanceMembers = True
		$12.IncludeStaticEntities = True
		$3.NamingRule = $14
		$14.Name = Methods
		$14.AffectedEntity = Methods
		$14.VisibilityMask = Protected, Public
		$14.NamingStyle = PascalCase
		$14.IncludeInstanceMembers = True
		$14.IncludeStaticEntities = True
		$3.NamingRule = $15
		$15.Name = Static Readonly Fields
		$15.AffectedEntity = ReadonlyField
		$15.VisibilityMask = Protected, Public
		$15.NamingStyle = PascalCase
		$15.IncludeInstanceMembers = False
		$15.IncludeStaticEntities = True
		$3.NamingRule = $16
		$16.Name = Fields
		$16.AffectedEntity = Field
		$16.VisibilityMask = Protected, Public
		$16.NamingStyle = PascalCase
		$16.IncludeInstanceMembers = True
		$16.IncludeStaticEntities = True
		$3.NamingRule = $17
		$17.Name = ReadOnly Fields
		$17.AffectedEntity = ReadonlyField
		$17.VisibilityMask = Protected, Public
		$17.NamingStyle = PascalCase
		$17.IncludeInstanceMembers = True
		$17.IncludeStaticEntities = False
		$3.NamingRule = $18
		$18.Name = Constant Fields
		$18.AffectedEntity = ConstantField
		$18.VisibilityMask = Protected, Public
		$18.NamingStyle = PascalCase
		$18.IncludeInstanceMembers = True
		$18.IncludeStaticEntities = True
		$3.NamingRule = $19
		$19.Name = Properties
		$19.AffectedEntity = Property
		$19.VisibilityMask = Protected, Public
		$19.NamingStyle = PascalCase
		$19.IncludeInstanceMembers = True
		$19.IncludeStaticEntities = True
		$3.NamingRule = $20
		$20.Name = Events
		$20.AffectedEntity = Event
		$20.VisibilityMask = Protected, Public
		$20.NamingStyle = PascalCase
		$20.IncludeInstanceMembers = True
		$20.IncludeStaticEntities = True
		$3.NamingRule = $21
		$21.Name = Enum Members
		$21.AffectedEntity = EnumMember
		$21.VisibilityMask = VisibilityMask
		$21.NamingStyle = PascalCase
		$21.IncludeInstanceMembers = True
		$21.IncludeStaticEntities = True
		$3.NamingRule = $22
		$22.Name = Parameters
		$22.AffectedEntity = Parameter
		$22.VisibilityMask = VisibilityMask
		$22.NamingStyle = CamelCase
		$22.IncludeInstanceMembers = True
		$22.IncludeStaticEntities = True
		$3.NamingRule = $23
		$23.Name = Type Parameters
		$23.RequiredPrefixes = $24
		$24.String = T
		$23.AffectedEntity = TypeParameter
		$23.VisibilityMask = VisibilityMask
		$23.NamingStyle = PascalCase
		$23.IncludeInstanceMembers = True
		$23.IncludeStaticEntities = True
		$0.VersionControlPolicy = $25
		$25.inheritsSet = Mono
		$0.ChangeLogPolicy = $26
		$26.UpdateMode = None
		$26.MessageStyle = $27
		$27.LineAlign = 0
		$26.inheritsSet = Mono
	EndGlobalSection
EndGlobal
